// !$*UTF8*$!
{
	archiveVersion = 1;
	classes = {
	};
	objectVersion = 46;
	objects = {

/* Begin PBXBuildFile section */
		3AA770EF17938B7100EF81B9 /* SCGroupViewController.xib in Resources */ = {isa = PBXBuildFile; fileRef = 3AA770EE17938B7100EF81B9 /* SCGroupViewController.xib */; };
		3AA770F217938CE400EF81B9 /* SCGroupViewController.m in Sources */ = {isa = PBXBuildFile; fileRef = 3AA770F117938CE300EF81B9 /* SCGroupViewController.m */; };
		7411D15D16F3B93E00472D9B /* FBUserSettingsViewResources.bundle in Resources */ = {isa = PBXBuildFile; fileRef = 7411D15B16F3B93E00472D9B /* FBUserSettingsViewResources.bundle */; };
		7411D15E16F3B93E00472D9B /* FacebookSDKResources.bundle in Resources */ = {isa = PBXBuildFile; fileRef = 7411D15C16F3B93E00472D9B /* FacebookSDKResources.bundle */; };
		7411D16016F3BA4200472D9B /* FacebookSDK.framework in Frameworks */ = {isa = PBXBuildFile; fileRef = 7411D15F16F3BA4200472D9B /* FacebookSDK.framework */; };
		74267FF716FBCE140059C8D2 /* Parse.framework in Frameworks */ = {isa = PBXBuildFile; fileRef = 74267FF616FBCE140059C8D2 /* Parse.framework */; };
		7449378916DD607200983050 /* SCTimelineViewController.m in Sources */ = {isa = PBXBuildFile; fileRef = 7449378716DD607200983050 /* SCTimelineViewController.m */; };
		7449378A16DD607200983050 /* SCTimelineViewController.xib in Resources */ = {isa = PBXBuildFile; fileRef = 7449378816DD607200983050 /* SCTimelineViewController.xib */; };
		7449379216DD7AA200983050 /* AudioToolbox.framework in Frameworks */ = {isa = PBXBuildFile; fileRef = 7449378D16DD7AA200983050 /* AudioToolbox.framework */; };
		7449379416DD7AA200983050 /* libz.1.1.3.dylib in Frameworks */ = {isa = PBXBuildFile; fileRef = 7449378F16DD7AA200983050 /* libz.1.1.3.dylib */; };
		7449379516DD7AA200983050 /* QuartzCore.framework in Frameworks */ = {isa = PBXBuildFile; fileRef = 7449379016DD7AA200983050 /* QuartzCore.framework */; };
		7449379616DD7AA200983050 /* Security.framework in Frameworks */ = {isa = PBXBuildFile; fileRef = 7449379116DD7AA200983050 /* Security.framework */; };
		7449379A16DD7AC600983050 /* CFNetwork.framework in Frameworks */ = {isa = PBXBuildFile; fileRef = 7449379716DD7AC600983050 /* CFNetwork.framework */; };
		7449379B16DD7AC600983050 /* StoreKit.framework in Frameworks */ = {isa = PBXBuildFile; fileRef = 7449379816DD7AC600983050 /* StoreKit.framework */; };
		7449379C16DD7AC600983050 /* SystemConfiguration.framework in Frameworks */ = {isa = PBXBuildFile; fileRef = 7449379916DD7AC600983050 /* SystemConfiguration.framework */; };
		7449379E16DD7B5500983050 /* libsqlite3.dylib in Frameworks */ = {isa = PBXBuildFile; fileRef = 7449379D16DD7B5500983050 /* libsqlite3.dylib */; };
		744937A016DD7C4600983050 /* MobileCoreServices.framework in Frameworks */ = {isa = PBXBuildFile; fileRef = 7449379F16DD7C4600983050 /* MobileCoreServices.framework */; };
		746599CA16E95B4C00F4E75C /* MBProgressHUD.m in Sources */ = {isa = PBXBuildFile; fileRef = 746599C916E95B4C00F4E75C /* MBProgressHUD.m */; };
		749C428F16F93972001189C2 /* EmptyTimeline.png in Resources */ = {isa = PBXBuildFile; fileRef = 749C428E16F93972001189C2 /* EmptyTimeline.png */; };
		846809C1158F85A100F2DBB9 /* action-eating.png in Resources */ = {isa = PBXBuildFile; fileRef = 846809BD158F85A100F2DBB9 /* action-eating.png */; };
		846809C2158F85A100F2DBB9 /* action-location.png in Resources */ = {isa = PBXBuildFile; fileRef = 846809BE158F85A100F2DBB9 /* action-location.png */; };
		846809C3158F85A100F2DBB9 /* action-people.png in Resources */ = {isa = PBXBuildFile; fileRef = 846809BF158F85A100F2DBB9 /* action-people.png */; };
		84A5DA9615A68A3D00FE54AF /* Accounts.framework in Frameworks */ = {isa = PBXBuildFile; fileRef = 84A5DA9515A68A3D00FE54AF /* Accounts.framework */; settings = {ATTRIBUTES = (Weak, ); }; };
		8527EC6815C9DB3800660673 /* Scrumptious.strings in Resources */ = {isa = PBXBuildFile; fileRef = 8527EC6A15C9DB3800660673 /* Scrumptious.strings */; };
		856DC21A1577F105001FA6A6 /* Icon-72.png in Resources */ = {isa = PBXBuildFile; fileRef = 856DC2171577F105001FA6A6 /* Icon-72.png */; };
		856DC21B1577F105001FA6A6 /* Icon.png in Resources */ = {isa = PBXBuildFile; fileRef = 856DC2181577F105001FA6A6 /* Icon.png */; };
		856DC21C1577F105001FA6A6 /* Icon@2x.png in Resources */ = {isa = PBXBuildFile; fileRef = 856DC2191577F105001FA6A6 /* Icon@2x.png */; };
		8592BE3D15816CCC00056680 /* AddressBook.framework in Frameworks */ = {isa = PBXBuildFile; fileRef = 8592BE3C15816CCC00056680 /* AddressBook.framework */; };
		85A928E316114706008699F1 /* Social.framework in Frameworks */ = {isa = PBXBuildFile; fileRef = 85A928E216114706008699F1 /* Social.framework */; settings = {ATTRIBUTES = (Weak, ); }; };
		85C69DCA1602B411008AD9A0 /* Default-568h@2x.png in Resources */ = {isa = PBXBuildFile; fileRef = 85C69DC71602B411008AD9A0 /* Default-568h@2x.png */; };
		85C69DCB1602B411008AD9A0 /* Default.png in Resources */ = {isa = PBXBuildFile; fileRef = 85C69DC81602B411008AD9A0 /* Default.png */; };
		85C69DCC1602B411008AD9A0 /* Default@2x.png in Resources */ = {isa = PBXBuildFile; fileRef = 85C69DC91602B411008AD9A0 /* Default@2x.png */; };
		9D084048169CE00B000FD49D /* README.md in Resources */ = {isa = PBXBuildFile; fileRef = 9D084047169CE00B000FD49D /* README.md */; };
		B9A416A316113F1C001E7A77 /* AdSupport.framework in Frameworks */ = {isa = PBXBuildFile; fileRef = B9A416A216113F1C001E7A77 /* AdSupport.framework */; settings = {ATTRIBUTES = (Weak, ); }; };
		B9C1C35915129F0E008FA5D1 /* CoreLocation.framework in Frameworks */ = {isa = PBXBuildFile; fileRef = B9C1C35815129F0E008FA5D1 /* CoreLocation.framework */; };
		B9CD0A74150EA4DD00560A93 /* UIKit.framework in Frameworks */ = {isa = PBXBuildFile; fileRef = B9CD0A73150EA4DD00560A93 /* UIKit.framework */; };
		B9CD0A76150EA4DD00560A93 /* Foundation.framework in Frameworks */ = {isa = PBXBuildFile; fileRef = B9CD0A75150EA4DD00560A93 /* Foundation.framework */; };
		B9CD0A78150EA4DD00560A93 /* CoreGraphics.framework in Frameworks */ = {isa = PBXBuildFile; fileRef = B9CD0A77150EA4DD00560A93 /* CoreGraphics.framework */; };
		B9CD0A7E150EA4DD00560A93 /* InfoPlist.strings in Resources */ = {isa = PBXBuildFile; fileRef = B9CD0A7C150EA4DD00560A93 /* InfoPlist.strings */; };
		B9CD0A80150EA4DD00560A93 /* main.m in Sources */ = {isa = PBXBuildFile; fileRef = B9CD0A7F150EA4DD00560A93 /* main.m */; };
		B9CD0A84150EA4DD00560A93 /* SCAppDelegate.m in Sources */ = {isa = PBXBuildFile; fileRef = B9CD0A83150EA4DD00560A93 /* SCAppDelegate.m */; };
		B9CD0A87150EA4DD00560A93 /* SCViewController.m in Sources */ = {isa = PBXBuildFile; fileRef = B9CD0A86150EA4DD00560A93 /* SCViewController.m */; };
		B9CD0A8D150EA4DE00560A93 /* SCViewController.xib in Resources */ = {isa = PBXBuildFile; fileRef = B9CD0A8B150EA4DE00560A93 /* SCViewController.xib */; };
		B9CD0A9A150EBFFB00560A93 /* facebook.png in Resources */ = {isa = PBXBuildFile; fileRef = B9CD0A99150EBFFB00560A93 /* facebook.png */; };
/* End PBXBuildFile section */

/* Begin PBXFileReference section */
		3AA770EE17938B7100EF81B9 /* SCGroupViewController.xib */ = {isa = PBXFileReference; fileEncoding = 4; lastKnownFileType = file.xib; name = SCGroupViewController.xib; path = scrumptious/SCGroupViewController.xib; sourceTree = SOURCE_ROOT; };
		3AA770F017938CE300EF81B9 /* SCGroupViewController.h */ = {isa = PBXFileReference; fileEncoding = 4; lastKnownFileType = sourcecode.c.h; name = SCGroupViewController.h; path = scrumptious/SCGroupViewController.h; sourceTree = SOURCE_ROOT; };
		3AA770F117938CE300EF81B9 /* SCGroupViewController.m */ = {isa = PBXFileReference; fileEncoding = 4; lastKnownFileType = sourcecode.c.objc; name = SCGroupViewController.m; path = scrumptious/SCGroupViewController.m; sourceTree = SOURCE_ROOT; };
		7411D15B16F3B93E00472D9B /* FBUserSettingsViewResources.bundle */ = {isa = PBXFileReference; lastKnownFileType = "wrapper.plug-in"; name = FBUserSettingsViewResources.bundle; path = FacebookSDK.framework/Versions/A/Resources/FBUserSettingsViewResources.bundle; sourceTree = "<group>"; };
		7411D15C16F3B93E00472D9B /* FacebookSDKResources.bundle */ = {isa = PBXFileReference; lastKnownFileType = "wrapper.plug-in"; name = FacebookSDKResources.bundle; path = FacebookSDK.framework/Versions/A/Resources/FacebookSDKResources.bundle; sourceTree = "<group>"; };
		7411D15F16F3BA4200472D9B /* FacebookSDK.framework */ = {isa = PBXFileReference; lastKnownFileType = wrapper.framework; path = FacebookSDK.framework; sourceTree = "<group>"; };
		74267FF616FBCE140059C8D2 /* Parse.framework */ = {isa = PBXFileReference; lastKnownFileType = wrapper.framework; path = Parse.framework; sourceTree = "<group>"; };
		7449378616DD607200983050 /* SCTimelineViewController.h */ = {isa = PBXFileReference; fileEncoding = 4; lastKnownFileType = sourcecode.c.h; name = SCTimelineViewController.h; path = scrumptious/SCTimelineViewController.h; sourceTree = SOURCE_ROOT; };
		7449378716DD607200983050 /* SCTimelineViewController.m */ = {isa = PBXFileReference; fileEncoding = 4; lastKnownFileType = sourcecode.c.objc; name = SCTimelineViewController.m; path = scrumptious/SCTimelineViewController.m; sourceTree = SOURCE_ROOT; };
		7449378816DD607200983050 /* SCTimelineViewController.xib */ = {isa = PBXFileReference; fileEncoding = 4; lastKnownFileType = file.xib; name = SCTimelineViewController.xib; path = scrumptious/SCTimelineViewController.xib; sourceTree = SOURCE_ROOT; };
		7449378D16DD7AA200983050 /* AudioToolbox.framework */ = {isa = PBXFileReference; lastKnownFileType = wrapper.framework; name = AudioToolbox.framework; path = System/Library/Frameworks/AudioToolbox.framework; sourceTree = SDKROOT; };
		7449378F16DD7AA200983050 /* libz.1.1.3.dylib */ = {isa = PBXFileReference; lastKnownFileType = "compiled.mach-o.dylib"; name = libz.1.1.3.dylib; path = usr/lib/libz.1.1.3.dylib; sourceTree = SDKROOT; };
		7449379016DD7AA200983050 /* QuartzCore.framework */ = {isa = PBXFileReference; lastKnownFileType = wrapper.framework; name = QuartzCore.framework; path = System/Library/Frameworks/QuartzCore.framework; sourceTree = SDKROOT; };
		7449379116DD7AA200983050 /* Security.framework */ = {isa = PBXFileReference; lastKnownFileType = wrapper.framework; name = Security.framework; path = System/Library/Frameworks/Security.framework; sourceTree = SDKROOT; };
		7449379716DD7AC600983050 /* CFNetwork.framework */ = {isa = PBXFileReference; lastKnownFileType = wrapper.framework; name = CFNetwork.framework; path = System/Library/Frameworks/CFNetwork.framework; sourceTree = SDKROOT; };
		7449379816DD7AC600983050 /* StoreKit.framework */ = {isa = PBXFileReference; lastKnownFileType = wrapper.framework; name = StoreKit.framework; path = System/Library/Frameworks/StoreKit.framework; sourceTree = SDKROOT; };
		7449379916DD7AC600983050 /* SystemConfiguration.framework */ = {isa = PBXFileReference; lastKnownFileType = wrapper.framework; name = SystemConfiguration.framework; path = System/Library/Frameworks/SystemConfiguration.framework; sourceTree = SDKROOT; };
		7449379D16DD7B5500983050 /* libsqlite3.dylib */ = {isa = PBXFileReference; lastKnownFileType = "compiled.mach-o.dylib"; name = libsqlite3.dylib; path = usr/lib/libsqlite3.dylib; sourceTree = SDKROOT; };
		7449379F16DD7C4600983050 /* MobileCoreServices.framework */ = {isa = PBXFileReference; lastKnownFileType = wrapper.framework; name = MobileCoreServices.framework; path = System/Library/Frameworks/MobileCoreServices.framework; sourceTree = SDKROOT; };
		746599C816E95B4C00F4E75C /* MBProgressHUD.h */ = {isa = PBXFileReference; fileEncoding = 4; lastKnownFileType = sourcecode.c.h; path = MBProgressHUD.h; sourceTree = "<group>"; };
		746599C916E95B4C00F4E75C /* MBProgressHUD.m */ = {isa = PBXFileReference; fileEncoding = 4; lastKnownFileType = sourcecode.c.objc; path = MBProgressHUD.m; sourceTree = "<group>"; };
		749C428E16F93972001189C2 /* EmptyTimeline.png */ = {isa = PBXFileReference; lastKnownFileType = image.png; path = EmptyTimeline.png; sourceTree = "<group>"; };
		846809BD158F85A100F2DBB9 /* action-eating.png */ = {isa = PBXFileReference; lastKnownFileType = image.png; name = "action-eating.png"; path = "scrumptious/images/action-eating.png"; sourceTree = SOURCE_ROOT; };
		846809BE158F85A100F2DBB9 /* action-location.png */ = {isa = PBXFileReference; lastKnownFileType = image.png; name = "action-location.png"; path = "scrumptious/images/action-location.png"; sourceTree = SOURCE_ROOT; };
		846809BF158F85A100F2DBB9 /* action-people.png */ = {isa = PBXFileReference; lastKnownFileType = image.png; name = "action-people.png"; path = "scrumptious/images/action-people.png"; sourceTree = SOURCE_ROOT; };
		84A5DA9515A68A3D00FE54AF /* Accounts.framework */ = {isa = PBXFileReference; lastKnownFileType = wrapper.framework; name = Accounts.framework; path = System/Library/Frameworks/Accounts.framework; sourceTree = SDKROOT; };
		8527EC6915C9DB3800660673 /* en */ = {isa = PBXFileReference; lastKnownFileType = text.plist.strings; name = en; path = en.lproj/Scrumptious.strings; sourceTree = "<group>"; };
		8527EC6B15C9DB4A00660673 /* he */ = {isa = PBXFileReference; lastKnownFileType = text.plist.strings; name = he; path = he.lproj/Scrumptious.strings; sourceTree = "<group>"; };
		856DC2171577F105001FA6A6 /* Icon-72.png */ = {isa = PBXFileReference; lastKnownFileType = image.png; name = "Icon-72.png"; path = "../Icon-72.png"; sourceTree = "<group>"; };
		856DC2181577F105001FA6A6 /* Icon.png */ = {isa = PBXFileReference; lastKnownFileType = image.png; name = Icon.png; path = ../Icon.png; sourceTree = "<group>"; };
		856DC2191577F105001FA6A6 /* Icon@2x.png */ = {isa = PBXFileReference; lastKnownFileType = image.png; name = "Icon@2x.png"; path = "../Icon@2x.png"; sourceTree = "<group>"; };
		8592BE3C15816CCC00056680 /* AddressBook.framework */ = {isa = PBXFileReference; lastKnownFileType = wrapper.framework; name = AddressBook.framework; path = System/Library/Frameworks/AddressBook.framework; sourceTree = SDKROOT; };
		85954AE1155889A200FABA9A /* SCProtocols.h */ = {isa = PBXFileReference; lastKnownFileType = sourcecode.c.h; path = SCProtocols.h; sourceTree = "<group>"; };
		85A928E216114706008699F1 /* Social.framework */ = {isa = PBXFileReference; lastKnownFileType = wrapper.framework; name = Social.framework; path = System/Library/Frameworks/Social.framework; sourceTree = SDKROOT; };
		85C69DC71602B411008AD9A0 /* Default-568h@2x.png */ = {isa = PBXFileReference; lastKnownFileType = image.png; name = "Default-568h@2x.png"; path = "scrumptious/Default-568h@2x.png"; sourceTree = SOURCE_ROOT; };
		85C69DC81602B411008AD9A0 /* Default.png */ = {isa = PBXFileReference; lastKnownFileType = image.png; name = Default.png; path = scrumptious/Default.png; sourceTree = SOURCE_ROOT; };
		85C69DC91602B411008AD9A0 /* Default@2x.png */ = {isa = PBXFileReference; lastKnownFileType = image.png; name = "Default@2x.png"; path = "scrumptious/Default@2x.png"; sourceTree = SOURCE_ROOT; };
		9D084047169CE00B000FD49D /* README.md */ = {isa = PBXFileReference; fileEncoding = 4; lastKnownFileType = text; path = README.md; sourceTree = "<group>"; };
		B9A416A216113F1C001E7A77 /* AdSupport.framework */ = {isa = PBXFileReference; lastKnownFileType = wrapper.framework; name = AdSupport.framework; path = System/Library/Frameworks/AdSupport.framework; sourceTree = SDKROOT; };
		B9C1C35815129F0E008FA5D1 /* CoreLocation.framework */ = {isa = PBXFileReference; lastKnownFileType = wrapper.framework; name = CoreLocation.framework; path = System/Library/Frameworks/CoreLocation.framework; sourceTree = SDKROOT; };
		B9CD0A6F150EA4DD00560A93 /* Scrumptious.app */ = {isa = PBXFileReference; explicitFileType = wrapper.application; includeInIndex = 0; path = Scrumptious.app; sourceTree = BUILT_PRODUCTS_DIR; };
		B9CD0A73150EA4DD00560A93 /* UIKit.framework */ = {isa = PBXFileReference; lastKnownFileType = wrapper.framework; name = UIKit.framework; path = System/Library/Frameworks/UIKit.framework; sourceTree = SDKROOT; };
		B9CD0A75150EA4DD00560A93 /* Foundation.framework */ = {isa = PBXFileReference; lastKnownFileType = wrapper.framework; name = Foundation.framework; path = System/Library/Frameworks/Foundation.framework; sourceTree = SDKROOT; };
		B9CD0A77150EA4DD00560A93 /* CoreGraphics.framework */ = {isa = PBXFileReference; lastKnownFileType = wrapper.framework; name = CoreGraphics.framework; path = System/Library/Frameworks/CoreGraphics.framework; sourceTree = SDKROOT; };
		B9CD0A7B150EA4DD00560A93 /* Scrumptious-Info.plist */ = {isa = PBXFileReference; lastKnownFileType = text.plist.xml; path = "Scrumptious-Info.plist"; sourceTree = "<group>"; };
		B9CD0A7D150EA4DD00560A93 /* en */ = {isa = PBXFileReference; lastKnownFileType = text.plist.strings; name = en; path = en.lproj/InfoPlist.strings; sourceTree = "<group>"; };
		B9CD0A7F150EA4DD00560A93 /* main.m */ = {isa = PBXFileReference; lastKnownFileType = sourcecode.c.objc; path = main.m; sourceTree = "<group>"; };
		B9CD0A81150EA4DD00560A93 /* Scrumptious-Prefix.pch */ = {isa = PBXFileReference; lastKnownFileType = sourcecode.c.h; path = "Scrumptious-Prefix.pch"; sourceTree = "<group>"; };
		B9CD0A82150EA4DD00560A93 /* SCAppDelegate.h */ = {isa = PBXFileReference; lastKnownFileType = sourcecode.c.h; path = SCAppDelegate.h; sourceTree = "<group>"; };
		B9CD0A83150EA4DD00560A93 /* SCAppDelegate.m */ = {isa = PBXFileReference; lastKnownFileType = sourcecode.c.objc; path = SCAppDelegate.m; sourceTree = "<group>"; };
		B9CD0A85150EA4DD00560A93 /* SCViewController.h */ = {isa = PBXFileReference; lastKnownFileType = sourcecode.c.h; path = SCViewController.h; sourceTree = "<group>"; };
		B9CD0A86150EA4DD00560A93 /* SCViewController.m */ = {isa = PBXFileReference; lastKnownFileType = sourcecode.c.objc; path = SCViewController.m; sourceTree = "<group>"; };
		B9CD0A8C150EA4DE00560A93 /* en */ = {isa = PBXFileReference; lastKnownFileType = file.xib; name = en; path = en.lproj/SCViewController.xib; sourceTree = "<group>"; };
		B9CD0A99150EBFFB00560A93 /* facebook.png */ = {isa = PBXFileReference; lastKnownFileType = image.png; name = facebook.png; path = images/facebook.png; sourceTree = "<group>"; };
/* End PBXFileReference section */

/* Begin PBXFrameworksBuildPhase section */
		B9CD0A6C150EA4DD00560A93 /* Frameworks */ = {
			isa = PBXFrameworksBuildPhase;
			buildActionMask = 2147483647;
			files = (
				84A5DA9615A68A3D00FE54AF /* Accounts.framework in Frameworks */,
				8592BE3D15816CCC00056680 /* AddressBook.framework in Frameworks */,
				B9A416A316113F1C001E7A77 /* AdSupport.framework in Frameworks */,
				7449379216DD7AA200983050 /* AudioToolbox.framework in Frameworks */,
				7449379A16DD7AC600983050 /* CFNetwork.framework in Frameworks */,
				B9CD0A78150EA4DD00560A93 /* CoreGraphics.framework in Frameworks */,
				B9C1C35915129F0E008FA5D1 /* CoreLocation.framework in Frameworks */,
				B9CD0A76150EA4DD00560A93 /* Foundation.framework in Frameworks */,
				7449379E16DD7B5500983050 /* libsqlite3.dylib in Frameworks */,
				7449379416DD7AA200983050 /* libz.1.1.3.dylib in Frameworks */,
				744937A016DD7C4600983050 /* MobileCoreServices.framework in Frameworks */,
				7449379516DD7AA200983050 /* QuartzCore.framework in Frameworks */,
				7449379616DD7AA200983050 /* Security.framework in Frameworks */,
				85A928E316114706008699F1 /* Social.framework in Frameworks */,
				7449379B16DD7AC600983050 /* StoreKit.framework in Frameworks */,
				7449379C16DD7AC600983050 /* SystemConfiguration.framework in Frameworks */,
				B9CD0A74150EA4DD00560A93 /* UIKit.framework in Frameworks */,
				7411D16016F3BA4200472D9B /* FacebookSDK.framework in Frameworks */,
				74267FF716FBCE140059C8D2 /* Parse.framework in Frameworks */,
			);
			runOnlyForDeploymentPostprocessing = 0;
		};
/* End PBXFrameworksBuildPhase section */

/* Begin PBXGroup section */
		746599C716E95B4C00F4E75C /* MBProgressHUD */ = {
			isa = PBXGroup;
			children = (
				746599C816E95B4C00F4E75C /* MBProgressHUD.h */,
				746599C916E95B4C00F4E75C /* MBProgressHUD.m */,
			);
			path = MBProgressHUD;
			sourceTree = "<group>";
		};
		B9CD0A64150EA4DD00560A93 = {
			isa = PBXGroup;
			children = (
				9D084047169CE00B000FD49D /* README.md */,
				B9CD0A79150EA4DD00560A93 /* Scrumptious */,
				B9CD0A72150EA4DD00560A93 /* Frameworks */,
				B9CD0A70150EA4DD00560A93 /* Products */,
			);
			sourceTree = "<group>";
		};
		B9CD0A70150EA4DD00560A93 /* Products */ = {
			isa = PBXGroup;
			children = (
				B9CD0A6F150EA4DD00560A93 /* Scrumptious.app */,
			);
			name = Products;
			sourceTree = "<group>";
		};
		B9CD0A72150EA4DD00560A93 /* Frameworks */ = {
			isa = PBXGroup;
			children = (
				74267FF616FBCE140059C8D2 /* Parse.framework */,
				84A5DA9515A68A3D00FE54AF /* Accounts.framework */,
				8592BE3C15816CCC00056680 /* AddressBook.framework */,
				B9A416A216113F1C001E7A77 /* AdSupport.framework */,
				7449378D16DD7AA200983050 /* AudioToolbox.framework */,
				7449379716DD7AC600983050 /* CFNetwork.framework */,
				B9CD0A77150EA4DD00560A93 /* CoreGraphics.framework */,
				B9C1C35815129F0E008FA5D1 /* CoreLocation.framework */,
				7411D15B16F3B93E00472D9B /* FBUserSettingsViewResources.bundle */,
				7411D15C16F3B93E00472D9B /* FacebookSDKResources.bundle */,
				B9CD0A75150EA4DD00560A93 /* Foundation.framework */,
				7411D15F16F3BA4200472D9B /* FacebookSDK.framework */,
				7449379D16DD7B5500983050 /* libsqlite3.dylib */,
				7449378F16DD7AA200983050 /* libz.1.1.3.dylib */,
				746599C716E95B4C00F4E75C /* MBProgressHUD */,
				7449379F16DD7C4600983050 /* MobileCoreServices.framework */,
				7449379016DD7AA200983050 /* QuartzCore.framework */,
				7449379116DD7AA200983050 /* Security.framework */,
				85A928E216114706008699F1 /* Social.framework */,
				7449379816DD7AC600983050 /* StoreKit.framework */,
				7449379916DD7AC600983050 /* SystemConfiguration.framework */,
				B9CD0A73150EA4DD00560A93 /* UIKit.framework */,
			);
			name = Frameworks;
			sourceTree = "<group>";
		};
		B9CD0A79150EA4DD00560A93 /* Scrumptious */ = {
			isa = PBXGroup;
			children = (
				B9CD0A98150EBFBD00560A93 /* images */,
				B9CD0A7A150EA4DD00560A93 /* Supporting Files */,
				B9CD0A82150EA4DD00560A93 /* SCAppDelegate.h */,
				B9CD0A83150EA4DD00560A93 /* SCAppDelegate.m */,
				7449378616DD607200983050 /* SCTimelineViewController.h */,
				7449378716DD607200983050 /* SCTimelineViewController.m */,
				3AA770EE17938B7100EF81B9 /* SCGroupViewController.xib */,
				3AA770F017938CE300EF81B9 /* SCGroupViewController.h */,
				3AA770F117938CE300EF81B9 /* SCGroupViewController.m */,
				7449378816DD607200983050 /* SCTimelineViewController.xib */,
				B9CD0A85150EA4DD00560A93 /* SCViewController.h */,
				B9CD0A86150EA4DD00560A93 /* SCViewController.m */,
				B9CD0A8B150EA4DE00560A93 /* SCViewController.xib */,
				85954AE1155889A200FABA9A /* SCProtocols.h */,
				8527EC6A15C9DB3800660673 /* Scrumptious.strings */,
			);
			path = Scrumptious;
			sourceTree = "<group>";
		};
		B9CD0A7A150EA4DD00560A93 /* Supporting Files */ = {
			isa = PBXGroup;
			children = (
				85C69DC71602B411008AD9A0 /* Default-568h@2x.png */,
				85C69DC81602B411008AD9A0 /* Default.png */,
				85C69DC91602B411008AD9A0 /* Default@2x.png */,
				B9CD0A7B150EA4DD00560A93 /* Scrumptious-Info.plist */,
				B9CD0A7C150EA4DD00560A93 /* InfoPlist.strings */,
				B9CD0A7F150EA4DD00560A93 /* main.m */,
				B9CD0A81150EA4DD00560A93 /* Scrumptious-Prefix.pch */,
			);
			name = "Supporting Files";
			sourceTree = "<group>";
		};
		B9CD0A98150EBFBD00560A93 /* images */ = {
			isa = PBXGroup;
			children = (
				846809BD158F85A100F2DBB9 /* action-eating.png */,
				846809BE158F85A100F2DBB9 /* action-location.png */,
				846809BF158F85A100F2DBB9 /* action-people.png */,
				749C428E16F93972001189C2 /* EmptyTimeline.png */,
				856DC2171577F105001FA6A6 /* Icon-72.png */,
				856DC2181577F105001FA6A6 /* Icon.png */,
				856DC2191577F105001FA6A6 /* Icon@2x.png */,
				B9CD0A99150EBFFB00560A93 /* facebook.png */,
			);
			name = images;
			sourceTree = "<group>";
		};
/* End PBXGroup section */

/* Begin PBXNativeTarget section */
		B9CD0A6E150EA4DD00560A93 /* Scrumptious */ = {
			isa = PBXNativeTarget;
			buildConfigurationList = B9CD0A90150EA4DE00560A93 /* Build configuration list for PBXNativeTarget "Scrumptious" */;
			buildPhases = (
				B9CD0A6B150EA4DD00560A93 /* Sources */,
				B9CD0A6C150EA4DD00560A93 /* Frameworks */,
				B9CD0A6D150EA4DD00560A93 /* Resources */,
			);
			buildRules = (
			);
			dependencies = (
			);
			name = Scrumptious;
			productName = Scrumptious;
			productReference = B9CD0A6F150EA4DD00560A93 /* Scrumptious.app */;
			productType = "com.apple.product-type.application";
		};
/* End PBXNativeTarget section */

/* Begin PBXProject section */
		B9CD0A66150EA4DD00560A93 /* Project object */ = {
			isa = PBXProject;
			attributes = {
				LastUpgradeCheck = 0460;
			};
			buildConfigurationList = B9CD0A69150EA4DD00560A93 /* Build configuration list for PBXProject "Scrumptious" */;
			compatibilityVersion = "Xcode 3.2";
			developmentRegion = English;
			hasScannedForEncodings = 0;
			knownRegions = (
				en,
				he,
			);
			mainGroup = B9CD0A64150EA4DD00560A93;
			productRefGroup = B9CD0A70150EA4DD00560A93 /* Products */;
			projectDirPath = "";
			projectRoot = "";
			targets = (
				B9CD0A6E150EA4DD00560A93 /* Scrumptious */,
			);
		};
/* End PBXProject section */

/* Begin PBXResourcesBuildPhase section */
		B9CD0A6D150EA4DD00560A93 /* Resources */ = {
			isa = PBXResourcesBuildPhase;
			buildActionMask = 2147483647;
			files = (
				B9CD0A7E150EA4DD00560A93 /* InfoPlist.strings in Resources */,
				B9CD0A8D150EA4DE00560A93 /* SCViewController.xib in Resources */,
				B9CD0A9A150EBFFB00560A93 /* facebook.png in Resources */,
				856DC21A1577F105001FA6A6 /* Icon-72.png in Resources */,
				856DC21B1577F105001FA6A6 /* Icon.png in Resources */,
				856DC21C1577F105001FA6A6 /* Icon@2x.png in Resources */,
				846809C1158F85A100F2DBB9 /* action-eating.png in Resources */,
				846809C2158F85A100F2DBB9 /* action-location.png in Resources */,
				846809C3158F85A100F2DBB9 /* action-people.png in Resources */,
				8527EC6815C9DB3800660673 /* Scrumptious.strings in Resources */,
				85C69DCA1602B411008AD9A0 /* Default-568h@2x.png in Resources */,
				85C69DCB1602B411008AD9A0 /* Default.png in Resources */,
				85C69DCC1602B411008AD9A0 /* Default@2x.png in Resources */,
				9D084048169CE00B000FD49D /* README.md in Resources */,
				7449378A16DD607200983050 /* SCTimelineViewController.xib in Resources */,
				7411D15D16F3B93E00472D9B /* FBUserSettingsViewResources.bundle in Resources */,
				7411D15E16F3B93E00472D9B /* FacebookSDKResources.bundle in Resources */,
				749C428F16F93972001189C2 /* EmptyTimeline.png in Resources */,
				3AA770EF17938B7100EF81B9 /* SCGroupViewController.xib in Resources */,
			);
			runOnlyForDeploymentPostprocessing = 0;
		};
/* End PBXResourcesBuildPhase section */

/* Begin PBXSourcesBuildPhase section */
		B9CD0A6B150EA4DD00560A93 /* Sources */ = {
			isa = PBXSourcesBuildPhase;
			buildActionMask = 2147483647;
			files = (
				B9CD0A80150EA4DD00560A93 /* main.m in Sources */,
				B9CD0A84150EA4DD00560A93 /* SCAppDelegate.m in Sources */,
				B9CD0A87150EA4DD00560A93 /* SCViewController.m in Sources */,
				7449378916DD607200983050 /* SCTimelineViewController.m in Sources */,
				746599CA16E95B4C00F4E75C /* MBProgressHUD.m in Sources */,
				3AA770F217938CE400EF81B9 /* SCGroupViewController.m in Sources */,
			);
			runOnlyForDeploymentPostprocessing = 0;
		};
/* End PBXSourcesBuildPhase section */

/* Begin PBXVariantGroup section */
		8527EC6A15C9DB3800660673 /* Scrumptious.strings */ = {
			isa = PBXVariantGroup;
			children = (
				8527EC6915C9DB3800660673 /* en */,
				8527EC6B15C9DB4A00660673 /* he */,
			);
			name = Scrumptious.strings;
			path = scrumptious;
			sourceTree = SOURCE_ROOT;
		};
		B9CD0A7C150EA4DD00560A93 /* InfoPlist.strings */ = {
			isa = PBXVariantGroup;
			children = (
				B9CD0A7D150EA4DD00560A93 /* en */,
			);
			name = InfoPlist.strings;
			sourceTree = "<group>";
		};
		B9CD0A8B150EA4DE00560A93 /* SCViewController.xib */ = {
			isa = PBXVariantGroup;
			children = (
				B9CD0A8C150EA4DE00560A93 /* en */,
			);
			name = SCViewController.xib;
			sourceTree = "<group>";
		};
/* End PBXVariantGroup section */

/* Begin XCBuildConfiguration section */
		B9CD0A8E150EA4DE00560A93 /* Debug */ = {
			isa = XCBuildConfiguration;
			buildSettings = {
				ALWAYS_SEARCH_USER_PATHS = NO;
				ARCHS = "$(ARCHS_STANDARD_32_BIT)";
				CLANG_ENABLE_OBJC_ARC = YES;
				CLANG_WARN_CONSTANT_CONVERSION = YES;
				CLANG_WARN_ENUM_CONVERSION = YES;
				CLANG_WARN_INT_CONVERSION = YES;
				CLANG_WARN__DUPLICATE_METHOD_MATCH = YES;
				"CODE_SIGN_IDENTITY[sdk=iphoneos*]" = "iPhone Developer";
				COPY_PHASE_STRIP = NO;
				GCC_C_LANGUAGE_STANDARD = gnu99;
				GCC_DYNAMIC_NO_PIC = NO;
				GCC_OPTIMIZATION_LEVEL = 0;
				GCC_PREPROCESSOR_DEFINITIONS = (
					"DEBUG=1",
					"$(inherited)",
				);
				GCC_SYMBOLS_PRIVATE_EXTERN = NO;
				GCC_VERSION = com.apple.compilers.llvm.clang.1_0;
				GCC_WARN_ABOUT_RETURN_TYPE = YES;
				GCC_WARN_UNINITIALIZED_AUTOS = YES;
				GCC_WARN_UNUSED_VARIABLE = YES;
				IPHONEOS_DEPLOYMENT_TARGET = 5.0;
				SDKROOT = iphoneos;
			};
			name = Debug;
		};
		B9CD0A8F150EA4DE00560A93 /* Release */ = {
			isa = XCBuildConfiguration;
			buildSettings = {
				ALWAYS_SEARCH_USER_PATHS = NO;
				ARCHS = "$(ARCHS_STANDARD_32_BIT)";
				CLANG_ENABLE_OBJC_ARC = YES;
				CLANG_WARN_CONSTANT_CONVERSION = YES;
				CLANG_WARN_ENUM_CONVERSION = YES;
				CLANG_WARN_INT_CONVERSION = YES;
				CLANG_WARN__DUPLICATE_METHOD_MATCH = YES;
				"CODE_SIGN_IDENTITY[sdk=iphoneos*]" = "iPhone Developer";
				COPY_PHASE_STRIP = YES;
				GCC_C_LANGUAGE_STANDARD = gnu99;
				GCC_VERSION = com.apple.compilers.llvm.clang.1_0;
				GCC_WARN_ABOUT_RETURN_TYPE = YES;
				GCC_WARN_UNINITIALIZED_AUTOS = YES;
				GCC_WARN_UNUSED_VARIABLE = YES;
				IPHONEOS_DEPLOYMENT_TARGET = 5.0;
				OTHER_CFLAGS = "-DNS_BLOCK_ASSERTIONS=1";
				SDKROOT = iphoneos;
				VALIDATE_PRODUCT = YES;
			};
			name = Release;
		};
		B9CD0A91150EA4DE00560A93 /* Debug */ = {
			isa = XCBuildConfiguration;
			buildSettings = {
				CODE_SIGN_IDENTITY = "iPhone Developer";
				FRAMEWORK_SEARCH_PATHS = (
					"$(inherited)",
					"\"$(SRCROOT)\"",
				);
				GCC_PRECOMPILE_PREFIX_HEADER = YES;
				GCC_PREFIX_HEADER = "Scrumptious/Scrumptious-Prefix.pch";
				GCC_WARN_ABOUT_MISSING_PROTOTYPES = YES;
				INFOPLIST_FILE = "Scrumptious/Scrumptious-Info.plist";
				IPHONEOS_DEPLOYMENT_TARGET = 4.3;
				LIBRARY_SEARCH_PATHS = "$(inherited)";
				OTHER_LDFLAGS = (
					"-lsqlite3.0",
					"-ObjC",
				);
				PRODUCT_NAME = "$(TARGET_NAME)";
				PROVISIONING_PROFILE = "";
				TARGETED_DEVICE_FAMILY = "1,2";
				WRAPPER_EXTENSION = app;
			};
			name = Debug;
		};
		B9CD0A92150EA4DE00560A93 /* Release */ = {
			isa = XCBuildConfiguration;
			buildSettings = {
				FRAMEWORK_SEARCH_PATHS = (
					"$(inherited)",
					"\"$(SRCROOT)\"",
				);
				GCC_PRECOMPILE_PREFIX_HEADER = YES;
				GCC_PREFIX_HEADER = "Scrumptious/Scrumptious-Prefix.pch";
				GCC_WARN_ABOUT_MISSING_PROTOTYPES = YES;
				INFOPLIST_FILE = "Scrumptious/Scrumptious-Info.plist";
				IPHONEOS_DEPLOYMENT_TARGET = 4.3;
				LIBRARY_SEARCH_PATHS = "$(inherited)";
				OTHER_LDFLAGS = (
					"-lsqlite3.0",
					"-ObjC",
				);
				PRODUCT_NAME = "$(TARGET_NAME)";
				TARGETED_DEVICE_FAMILY = "1,2";
				WRAPPER_EXTENSION = app;
			};
			name = Release;
		};
/* End XCBuildConfiguration section */

/* Begin XCConfigurationList section */
		B9CD0A69150EA4DD00560A93 /* Build configuration list for PBXProject "Scrumptious" */ = {
			isa = XCConfigurationList;
			buildConfigurations = (
				B9CD0A8E150EA4DE00560A93 /* Debug */,
				B9CD0A8F150EA4DE00560A93 /* Release */,
			);
			defaultConfigurationIsVisible = 0;
			defaultConfigurationName = Release;
		};
		B9CD0A90150EA4DE00560A93 /* Build configuration list for PBXNativeTarget "Scrumptious" */ = {
			isa = XCConfigurationList;
			buildConfigurations = (
				B9CD0A91150EA4DE00560A93 /* Debug */,
				B9CD0A92150EA4DE00560A93 /* Release */,
			);
			defaultConfigurationIsVisible = 0;
			defaultConfigurationName = Release;
		};
/* End XCConfigurationList section */
	};
	rootObject = B9CD0A66150EA4DD00560A93 /* Project object */;
}
